
Microsoft Visual Studio Solution File, Format Version 12.00
# Visual Studio Version 17
VisualStudioVersion = 17.12.35514.174 d17.12
MinimumVisualStudioVersion = 10.0.40219.1
Project("{FAE04EC0-301F-11D3-BF4B-00C04F79EFBC}") = "KakitoriApp", "KakitoriApp.csproj", "{F1896A91-8567-4912-8E31-D7E46E6DDE01}"
EndProject
Global
	GlobalSection(SolutionConfigurationPlatforms) = preSolution
		Debug|Any CPU = Debug|Any CPU
		Release|Any CPU = Release|Any CPU
	EndGlobalSection
	GlobalSection(ProjectConfigurationPlatforms) = postSolution
		{F1896A91-8567-4912-8E31-D7E46E6DDE01}.Debug|Any CPU.ActiveCfg = Debug|Any CPU
		{F1896A91-8567-4912-8E31-D7E46E6DDE01}.Debug|Any CPU.Build.0 = Debug|Any CPU
		{F1896A91-8567-4912-8E31-D7E46E6DDE01}.Release|Any CPU.ActiveCfg = Release|Any CPU
		{F1896A91-8567-4912-8E31-D7E46E6DDE01}.Release|Any CPU.Build.0 = Release|Any CPU
	EndGlobalSection
	GlobalSection(SolutionProperties) = preSolution
		HideSolutionNode = FALSE
	EndGlobalSection
EndGlobal
